
Microsoft Visual Studio Solution File, Format Version 12.00
# Visual Studio Version 17
VisualStudioVersion = 17.1.32319.34
MinimumVisualStudioVersion = 10.0.40219.1
Project("{9A19103F-16F7-4668-BE54-9A1E7A4F7556}") = "ExpressionsAndOperators", "ExpressionsAndOperators\ExpressionsAndOperators.csproj", "{3F9A8B33-5B8D-4D9F-B5A6-DE6B144E99F0}"
EndProject
Project("{9A19103F-16F7-4668-BE54-9A1E7A4F7556}") = "Variables", "Variables\Variables.csproj", "{373401E6-292B-4008-BC17-65D93D019203}"
EndProject
Project("{9A19103F-16F7-4668-BE54-9A1E7A4F7556}") = "ControlFlowSwitch", "ControlFlowSwitch\ControlFlowSwitch.csproj", "{8DC8BF3B-535A-4F39-9D8A-21962C819FE3}"
EndProject
Project("{9A19103F-16F7-4668-BE54-9A1E7A4F7556}") = "ControlFlowDecision", "ControlFlowDecision\ControlFlowDecision.csproj", "{7441DDDE-912E-4D03-A5DF-49CCBFC2ED34}"
EndProject
Project("{9A19103F-16F7-4668-BE54-9A1E7A4F7556}") = "LoopingWhile", "LoopingWhile\LoopingWhile.csproj", "{28EBA6EC-6FD4-4E79-82B0-EFC9C2B95CB5}"
EndProject
Project("{9A19103F-16F7-4668-BE54-9A1E7A4F7556}") = "LoopingDoWhile", "LoopingDoWhile\LoopingDoWhile.csproj", "{875341B8-84B4-4A4C-8954-584A173F4C8A}"
EndProject
Project("{9A19103F-16F7-4668-BE54-9A1E7A4F7556}") = "ForLoop", "ForLoop\ForLoop.csproj", "{DFB5E985-AF7A-45DE-8CA5-B42D7ADECBC0}"
EndProject
Project("{9A19103F-16F7-4668-BE54-9A1E7A4F7556}") = "ClassesAndObjects", "ClassesAndObjects\ClassesAndObjects.csproj", "{595B3876-6619-4C8B-A7D0-B41E6A4E66E8}"
EndProject
Project("{9A19103F-16F7-4668-BE54-9A1E7A4F7556}") = "Notes", "Notes\Notes.csproj", "{1C242B90-2C41-42B8-A162-0F111319EE21}"
EndProject
Project("{FAE04EC0-301F-11D3-BF4B-00C04F79EFBC}") = "Method", "Method\Method.csproj", "{57B6F690-EF7B-442C-BC28-6ADADA2A5BA9}"
EndProject
Project("{FAE04EC0-301F-11D3-BF4B-00C04F79EFBC}") = "FieldsAndProperties", "FieldsAndProperties\FieldsAndProperties.csproj", "{619F5DA8-C2A3-4563-B800-C3FB21A951DC}"
EndProject
Global
	GlobalSection(SolutionConfigurationPlatforms) = preSolution
		Debug|Any CPU = Debug|Any CPU
		Release|Any CPU = Release|Any CPU
	EndGlobalSection
	GlobalSection(ProjectConfigurationPlatforms) = postSolution
		{3F9A8B33-5B8D-4D9F-B5A6-DE6B144E99F0}.Debug|Any CPU.ActiveCfg = Debug|Any CPU
		{3F9A8B33-5B8D-4D9F-B5A6-DE6B144E99F0}.Debug|Any CPU.Build.0 = Debug|Any CPU
		{3F9A8B33-5B8D-4D9F-B5A6-DE6B144E99F0}.Release|Any CPU.ActiveCfg = Release|Any CPU
		{3F9A8B33-5B8D-4D9F-B5A6-DE6B144E99F0}.Release|Any CPU.Build.0 = Release|Any CPU
		{373401E6-292B-4008-BC17-65D93D019203}.Debug|Any CPU.ActiveCfg = Debug|Any CPU
		{373401E6-292B-4008-BC17-65D93D019203}.Debug|Any CPU.Build.0 = Debug|Any CPU
		{373401E6-292B-4008-BC17-65D93D019203}.Release|Any CPU.ActiveCfg = Release|Any CPU
		{373401E6-292B-4008-BC17-65D93D019203}.Release|Any CPU.Build.0 = Release|Any CPU
		{8DC8BF3B-535A-4F39-9D8A-21962C819FE3}.Debug|Any CPU.ActiveCfg = Debug|Any CPU
		{8DC8BF3B-535A-4F39-9D8A-21962C819FE3}.Debug|Any CPU.Build.0 = Debug|Any CPU
		{8DC8BF3B-535A-4F39-9D8A-21962C819FE3}.Release|Any CPU.ActiveCfg = Release|Any CPU
		{8DC8BF3B-535A-4F39-9D8A-21962C819FE3}.Release|Any CPU.Build.0 = Release|Any CPU
		{7441DDDE-912E-4D03-A5DF-49CCBFC2ED34}.Debug|Any CPU.ActiveCfg = Debug|Any CPU
		{7441DDDE-912E-4D03-A5DF-49CCBFC2ED34}.Debug|Any CPU.Build.0 = Debug|Any CPU
		{7441DDDE-912E-4D03-A5DF-49CCBFC2ED34}.Release|Any CPU.ActiveCfg = Release|Any CPU
		{7441DDDE-912E-4D03-A5DF-49CCBFC2ED34}.Release|Any CPU.Build.0 = Release|Any CPU
		{28EBA6EC-6FD4-4E79-82B0-EFC9C2B95CB5}.Debug|Any CPU.ActiveCfg = Debug|Any CPU
		{28EBA6EC-6FD4-4E79-82B0-EFC9C2B95CB5}.Debug|Any CPU.Build.0 = Debug|Any CPU
		{28EBA6EC-6FD4-4E79-82B0-EFC9C2B95CB5}.Release|Any CPU.ActiveCfg = Release|Any CPU
		{28EBA6EC-6FD4-4E79-82B0-EFC9C2B95CB5}.Release|Any CPU.Build.0 = Release|Any CPU
		{875341B8-84B4-4A4C-8954-584A173F4C8A}.Debug|Any CPU.ActiveCfg = Debug|Any CPU
		{875341B8-84B4-4A4C-8954-584A173F4C8A}.Debug|Any CPU.Build.0 = Debug|Any CPU
		{875341B8-84B4-4A4C-8954-584A173F4C8A}.Release|Any CPU.ActiveCfg = Release|Any CPU
		{875341B8-84B4-4A4C-8954-584A173F4C8A}.Release|Any CPU.Build.0 = Release|Any CPU
		{DFB5E985-AF7A-45DE-8CA5-B42D7ADECBC0}.Debug|Any CPU.ActiveCfg = Debug|Any CPU
		{DFB5E985-AF7A-45DE-8CA5-B42D7ADECBC0}.Debug|Any CPU.Build.0 = Debug|Any CPU
		{DFB5E985-AF7A-45DE-8CA5-B42D7ADECBC0}.Release|Any CPU.ActiveCfg = Release|Any CPU
		{DFB5E985-AF7A-45DE-8CA5-B42D7ADECBC0}.Release|Any CPU.Build.0 = Release|Any CPU
		{595B3876-6619-4C8B-A7D0-B41E6A4E66E8}.Debug|Any CPU.ActiveCfg = Debug|Any CPU
		{595B3876-6619-4C8B-A7D0-B41E6A4E66E8}.Debug|Any CPU.Build.0 = Debug|Any CPU
		{595B3876-6619-4C8B-A7D0-B41E6A4E66E8}.Release|Any CPU.ActiveCfg = Release|Any CPU
		{595B3876-6619-4C8B-A7D0-B41E6A4E66E8}.Release|Any CPU.Build.0 = Release|Any CPU
		{1C242B90-2C41-42B8-A162-0F111319EE21}.Debug|Any CPU.ActiveCfg = Debug|Any CPU
		{1C242B90-2C41-42B8-A162-0F111319EE21}.Debug|Any CPU.Build.0 = Debug|Any CPU
		{1C242B90-2C41-42B8-A162-0F111319EE21}.Release|Any CPU.ActiveCfg = Release|Any CPU
		{1C242B90-2C41-42B8-A162-0F111319EE21}.Release|Any CPU.Build.0 = Release|Any CPU
		{57B6F690-EF7B-442C-BC28-6ADADA2A5BA9}.Debug|Any CPU.ActiveCfg = Debug|Any CPU
		{57B6F690-EF7B-442C-BC28-6ADADA2A5BA9}.Debug|Any CPU.Build.0 = Debug|Any CPU
		{57B6F690-EF7B-442C-BC28-6ADADA2A5BA9}.Release|Any CPU.ActiveCfg = Release|Any CPU
		{57B6F690-EF7B-442C-BC28-6ADADA2A5BA9}.Release|Any CPU.Build.0 = Release|Any CPU
		{619F5DA8-C2A3-4563-B800-C3FB21A951DC}.Debug|Any CPU.ActiveCfg = Debug|Any CPU
		{619F5DA8-C2A3-4563-B800-C3FB21A951DC}.Debug|Any CPU.Build.0 = Debug|Any CPU
		{619F5DA8-C2A3-4563-B800-C3FB21A951DC}.Release|Any CPU.ActiveCfg = Release|Any CPU
		{619F5DA8-C2A3-4563-B800-C3FB21A951DC}.Release|Any CPU.Build.0 = Release|Any CPU
	EndGlobalSection
	GlobalSection(SolutionProperties) = preSolution
		HideSolutionNode = FALSE
	EndGlobalSection
	GlobalSection(ExtensibilityGlobals) = postSolution
		SolutionGuid = {E7776170-7312-41D1-90BD-9DB35D94C9C0}
	EndGlobalSection
EndGlobal
